
Microsoft Visual Studio Solution File, Format Version 12.00
# Visual Studio 14
VisualStudioVersion = 14.0.23107.0
MinimumVisualStudioVersion = 10.0.40219.1
Project("{FAE04EC0-301F-11D3-BF4B-00C04F79EFBC}") = "SubtitleDownloader", "SubtitleDownloader\SubtitleDownloader.csproj", "{A5FCDED0-CF53-4CF6-B1A9-110ACB94E439}"
EndProject
Project("{FAE04EC0-301F-11D3-BF4B-00C04F79EFBC}") = "ParsingTests", "ParsingTests\ParsingTests.csproj", "{0972EF25-2801-4B26-88BA-F5F93E2B9DB8}"
EndProject
Global
	GlobalSection(SolutionConfigurationPlatforms) = preSolution
		Debug|Any CPU = Debug|Any CPU
		Release|Any CPU = Release|Any CPU
	EndGlobalSection
	GlobalSection(ProjectConfigurationPlatforms) = postSolution
		{A5FCDED0-CF53-4CF6-B1A9-110ACB94E439}.Debug|Any CPU.ActiveCfg = Debug|Any CPU
		{A5FCDED0-CF53-4CF6-B1A9-110ACB94E439}.Debug|Any CPU.Build.0 = Debug|Any CPU
		{A5FCDED0-CF53-4CF6-B1A9-110ACB94E439}.Release|Any CPU.ActiveCfg = Release|Any CPU
		{A5FCDED0-CF53-4CF6-B1A9-110ACB94E439}.Release|Any CPU.Build.0 = Release|Any CPU
		{0972EF25-2801-4B26-88BA-F5F93E2B9DB8}.Debug|Any CPU.ActiveCfg = Debug|Any CPU
		{0972EF25-2801-4B26-88BA-F5F93E2B9DB8}.Debug|Any CPU.Build.0 = Debug|Any CPU
		{0972EF25-2801-4B26-88BA-F5F93E2B9DB8}.Release|Any CPU.ActiveCfg = Release|Any CPU
		{0972EF25-2801-4B26-88BA-F5F93E2B9DB8}.Release|Any CPU.Build.0 = Release|Any CPU
	EndGlobalSection
	GlobalSection(SolutionProperties) = preSolution
		HideSolutionNode = FALSE
	EndGlobalSection
EndGlobal
